
Microsoft Visual Studio Solution File, Format Version 12.00
# Visual Studio Version 16
VisualStudioVersion = 16.0.30907.101
MinimumVisualStudioVersion = 10.0.40219.1
Project("{2150E333-8FDC-42A3-9474-1A3956D46DE8}") = "Services", "Services", "{751A0F1F-B240-4FBC-90D3-FD6BCBCA3614}"
EndProject
Project("{2150E333-8FDC-42A3-9474-1A3956D46DE8}") = "Catalog", "Catalog", "{861F555A-A7FE-42E9-A54B-50743C20E8ED}"
EndProject
Project("{9A19103F-16F7-4668-BE54-9A1E7A4F7556}") = "Catalog.API", "Services\Catalog\Catalog.API\Catalog.API.csproj", "{F3DC4712-C729-42EC-80B7-82D07A4F5398}"
EndProject
Project("{E53339B2-1760-4266-BCC7-CA923CBCF16C}") = "docker-compose", "docker-compose.dcproj", "{5AC3160C-A8AF-4074-906F-3B875FFFE509}"
EndProject
Project("{2150E333-8FDC-42A3-9474-1A3956D46DE8}") = "Basket", "Basket", "{CB01942B-96F5-492A-BDB8-18102B8CFE42}"
EndProject
Project("{9A19103F-16F7-4668-BE54-9A1E7A4F7556}") = "Basket.API", "Services\Basket\Basket.API\Basket.API.csproj", "{92B6F8B4-6E48-43D2-8946-2C505EC0813D}"
EndProject
Project("{2150E333-8FDC-42A3-9474-1A3956D46DE8}") = "Discount", "Discount", "{674E0043-B960-4C66-B9DF-9D61DF2D2E3C}"
EndProject
Project("{9A19103F-16F7-4668-BE54-9A1E7A4F7556}") = "Discount.API", "Services\Discount\Discount.API\Discount.API.csproj", "{2C0D482D-76DA-4B94-8B78-D066CF1D6ABE}"
EndProject
Project("{9A19103F-16F7-4668-BE54-9A1E7A4F7556}") = "Discount.Grpc", "Services\Discount\Discount.Grpc\Discount.Grpc.csproj", "{D6FE007F-6CCC-4462-B1DE-CBCC08CDF858}"
EndProject
Project("{2150E333-8FDC-42A3-9474-1A3956D46DE8}") = "Ordering", "Ordering", "{B14F80F2-4621-412C-8A6A-86E1A1A2AB40}"
EndProject
Project("{9A19103F-16F7-4668-BE54-9A1E7A4F7556}") = "Ordering.API", "Services\Ordering\Ordering.API\Ordering.API.csproj", "{C5FF6E4E-3F8B-4B51-B348-3EEB49B24AC8}"
EndProject
Project("{9A19103F-16F7-4668-BE54-9A1E7A4F7556}") = "Ordering.Domain", "Services\Ordering\Ordering.Domain\Ordering.Domain.csproj", "{B7FA8239-FBAD-40C8-B85D-711C10DDF021}"
EndProject
Project("{FAE04EC0-301F-11D3-BF4B-00C04F79EFBC}") = "Ordering.Application", "Services\Ordering\Ordering.Application\Ordering.Application.csproj", "{A86EDBDE-6C37-4495-9A21-1F900E27D0A6}"
EndProject
Project("{FAE04EC0-301F-11D3-BF4B-00C04F79EFBC}") = "Ordering.Infrastructure", "Services\Ordering\Ordering.Infrastructure\Ordering.Infrastructure.csproj", "{C86F6B0F-137F-4604-A082-A33536ED69FC}"
EndProject
Global
	GlobalSection(SolutionConfigurationPlatforms) = preSolution
		Debug|Any CPU = Debug|Any CPU
		Release|Any CPU = Release|Any CPU
	EndGlobalSection
	GlobalSection(ProjectConfigurationPlatforms) = postSolution
		{F3DC4712-C729-42EC-80B7-82D07A4F5398}.Debug|Any CPU.ActiveCfg = Debug|Any CPU
		{F3DC4712-C729-42EC-80B7-82D07A4F5398}.Debug|Any CPU.Build.0 = Debug|Any CPU
		{F3DC4712-C729-42EC-80B7-82D07A4F5398}.Release|Any CPU.ActiveCfg = Release|Any CPU
		{F3DC4712-C729-42EC-80B7-82D07A4F5398}.Release|Any CPU.Build.0 = Release|Any CPU
		{5AC3160C-A8AF-4074-906F-3B875FFFE509}.Debug|Any CPU.ActiveCfg = Debug|Any CPU
		{5AC3160C-A8AF-4074-906F-3B875FFFE509}.Debug|Any CPU.Build.0 = Debug|Any CPU
		{5AC3160C-A8AF-4074-906F-3B875FFFE509}.Release|Any CPU.ActiveCfg = Release|Any CPU
		{5AC3160C-A8AF-4074-906F-3B875FFFE509}.Release|Any CPU.Build.0 = Release|Any CPU
		{92B6F8B4-6E48-43D2-8946-2C505EC0813D}.Debug|Any CPU.ActiveCfg = Debug|Any CPU
		{92B6F8B4-6E48-43D2-8946-2C505EC0813D}.Debug|Any CPU.Build.0 = Debug|Any CPU
		{92B6F8B4-6E48-43D2-8946-2C505EC0813D}.Release|Any CPU.ActiveCfg = Release|Any CPU
		{92B6F8B4-6E48-43D2-8946-2C505EC0813D}.Release|Any CPU.Build.0 = Release|Any CPU
		{2C0D482D-76DA-4B94-8B78-D066CF1D6ABE}.Debug|Any CPU.ActiveCfg = Debug|Any CPU
		{2C0D482D-76DA-4B94-8B78-D066CF1D6ABE}.Debug|Any CPU.Build.0 = Debug|Any CPU
		{2C0D482D-76DA-4B94-8B78-D066CF1D6ABE}.Release|Any CPU.ActiveCfg = Release|Any CPU
		{2C0D482D-76DA-4B94-8B78-D066CF1D6ABE}.Release|Any CPU.Build.0 = Release|Any CPU
		{D6FE007F-6CCC-4462-B1DE-CBCC08CDF858}.Debug|Any CPU.ActiveCfg = Debug|Any CPU
		{D6FE007F-6CCC-4462-B1DE-CBCC08CDF858}.Debug|Any CPU.Build.0 = Debug|Any CPU
		{D6FE007F-6CCC-4462-B1DE-CBCC08CDF858}.Release|Any CPU.ActiveCfg = Release|Any CPU
		{D6FE007F-6CCC-4462-B1DE-CBCC08CDF858}.Release|Any CPU.Build.0 = Release|Any CPU
		{C5FF6E4E-3F8B-4B51-B348-3EEB49B24AC8}.Debug|Any CPU.ActiveCfg = Debug|Any CPU
		{C5FF6E4E-3F8B-4B51-B348-3EEB49B24AC8}.Debug|Any CPU.Build.0 = Debug|Any CPU
		{C5FF6E4E-3F8B-4B51-B348-3EEB49B24AC8}.Release|Any CPU.ActiveCfg = Release|Any CPU
		{C5FF6E4E-3F8B-4B51-B348-3EEB49B24AC8}.Release|Any CPU.Build.0 = Release|Any CPU
		{B7FA8239-FBAD-40C8-B85D-711C10DDF021}.Debug|Any CPU.ActiveCfg = Debug|Any CPU
		{B7FA8239-FBAD-40C8-B85D-711C10DDF021}.Debug|Any CPU.Build.0 = Debug|Any CPU
		{B7FA8239-FBAD-40C8-B85D-711C10DDF021}.Release|Any CPU.ActiveCfg = Release|Any CPU
		{B7FA8239-FBAD-40C8-B85D-711C10DDF021}.Release|Any CPU.Build.0 = Release|Any CPU
		{A86EDBDE-6C37-4495-9A21-1F900E27D0A6}.Debug|Any CPU.ActiveCfg = Debug|Any CPU
		{A86EDBDE-6C37-4495-9A21-1F900E27D0A6}.Debug|Any CPU.Build.0 = Debug|Any CPU
		{A86EDBDE-6C37-4495-9A21-1F900E27D0A6}.Release|Any CPU.ActiveCfg = Release|Any CPU
		{A86EDBDE-6C37-4495-9A21-1F900E27D0A6}.Release|Any CPU.Build.0 = Release|Any CPU
		{C86F6B0F-137F-4604-A082-A33536ED69FC}.Debug|Any CPU.ActiveCfg = Debug|Any CPU
		{C86F6B0F-137F-4604-A082-A33536ED69FC}.Debug|Any CPU.Build.0 = Debug|Any CPU
		{C86F6B0F-137F-4604-A082-A33536ED69FC}.Release|Any CPU.ActiveCfg = Release|Any CPU
		{C86F6B0F-137F-4604-A082-A33536ED69FC}.Release|Any CPU.Build.0 = Release|Any CPU
	EndGlobalSection
	GlobalSection(SolutionProperties) = preSolution
		HideSolutionNode = FALSE
	EndGlobalSection
	GlobalSection(NestedProjects) = preSolution
		{861F555A-A7FE-42E9-A54B-50743C20E8ED} = {751A0F1F-B240-4FBC-90D3-FD6BCBCA3614}
		{F3DC4712-C729-42EC-80B7-82D07A4F5398} = {861F555A-A7FE-42E9-A54B-50743C20E8ED}
		{CB01942B-96F5-492A-BDB8-18102B8CFE42} = {751A0F1F-B240-4FBC-90D3-FD6BCBCA3614}
		{92B6F8B4-6E48-43D2-8946-2C505EC0813D} = {CB01942B-96F5-492A-BDB8-18102B8CFE42}
		{674E0043-B960-4C66-B9DF-9D61DF2D2E3C} = {751A0F1F-B240-4FBC-90D3-FD6BCBCA3614}
		{2C0D482D-76DA-4B94-8B78-D066CF1D6ABE} = {674E0043-B960-4C66-B9DF-9D61DF2D2E3C}
		{D6FE007F-6CCC-4462-B1DE-CBCC08CDF858} = {674E0043-B960-4C66-B9DF-9D61DF2D2E3C}
		{B14F80F2-4621-412C-8A6A-86E1A1A2AB40} = {751A0F1F-B240-4FBC-90D3-FD6BCBCA3614}
		{C5FF6E4E-3F8B-4B51-B348-3EEB49B24AC8} = {B14F80F2-4621-412C-8A6A-86E1A1A2AB40}
		{B7FA8239-FBAD-40C8-B85D-711C10DDF021} = {B14F80F2-4621-412C-8A6A-86E1A1A2AB40}
		{A86EDBDE-6C37-4495-9A21-1F900E27D0A6} = {B14F80F2-4621-412C-8A6A-86E1A1A2AB40}
		{C86F6B0F-137F-4604-A082-A33536ED69FC} = {B14F80F2-4621-412C-8A6A-86E1A1A2AB40}
	EndGlobalSection
	GlobalSection(ExtensibilityGlobals) = postSolution
		SolutionGuid = {D43722F4-0728-40EE-BC38-0A6C39A1F9E5}
	EndGlobalSection
EndGlobal
