
Microsoft Visual Studio Solution File, Format Version 12.00
# Visual Studio Version 16
VisualStudioVersion = 16.0.30907.101
MinimumVisualStudioVersion = 10.0.40219.1
Project("{2150E333-8FDC-42A3-9474-1A3956D46DE8}") = "Services", "Services", "{751A0F1F-B240-4FBC-90D3-FD6BCBCA3614}"
EndProject
Project("{2150E333-8FDC-42A3-9474-1A3956D46DE8}") = "Catalog", "Catalog", "{861F555A-A7FE-42E9-A54B-50743C20E8ED}"
EndProject
Project("{FAE04EC0-301F-11D3-BF4B-00C04F79EFBC}") = "Catalog.API", "Services\Catalog\Catalog.API\Catalog.API.csproj", "{F3DC4712-C729-42EC-80B7-82D07A4F5398}"
EndProject
Project("{E53339B2-1760-4266-BCC7-CA923CBCF16C}") = "docker-compose", "docker-compose.dcproj", "{5AC3160C-A8AF-4074-906F-3B875FFFE509}"
EndProject
Global
	GlobalSection(SolutionConfigurationPlatforms) = preSolution
		Debug|Any CPU = Debug|Any CPU
		Release|Any CPU = Release|Any CPU
	EndGlobalSection
	GlobalSection(ProjectConfigurationPlatforms) = postSolution
		{F3DC4712-C729-42EC-80B7-82D07A4F5398}.Debug|Any CPU.ActiveCfg = Debug|Any CPU
		{F3DC4712-C729-42EC-80B7-82D07A4F5398}.Debug|Any CPU.Build.0 = Debug|Any CPU
		{F3DC4712-C729-42EC-80B7-82D07A4F5398}.Release|Any CPU.ActiveCfg = Release|Any CPU
		{F3DC4712-C729-42EC-80B7-82D07A4F5398}.Release|Any CPU.Build.0 = Release|Any CPU
		{5AC3160C-A8AF-4074-906F-3B875FFFE509}.Debug|Any CPU.ActiveCfg = Debug|Any CPU
		{5AC3160C-A8AF-4074-906F-3B875FFFE509}.Debug|Any CPU.Build.0 = Debug|Any CPU
		{5AC3160C-A8AF-4074-906F-3B875FFFE509}.Release|Any CPU.ActiveCfg = Release|Any CPU
		{5AC3160C-A8AF-4074-906F-3B875FFFE509}.Release|Any CPU.Build.0 = Release|Any CPU
	EndGlobalSection
	GlobalSection(SolutionProperties) = preSolution
		HideSolutionNode = FALSE
	EndGlobalSection
	GlobalSection(NestedProjects) = preSolution
		{861F555A-A7FE-42E9-A54B-50743C20E8ED} = {751A0F1F-B240-4FBC-90D3-FD6BCBCA3614}
		{F3DC4712-C729-42EC-80B7-82D07A4F5398} = {861F555A-A7FE-42E9-A54B-50743C20E8ED}
	EndGlobalSection
	GlobalSection(ExtensibilityGlobals) = postSolution
		SolutionGuid = {D43722F4-0728-40EE-BC38-0A6C39A1F9E5}
	EndGlobalSection
EndGlobal
